
Microsoft Visual Studio Solution File, Format Version 12.00
# Visual Studio 15
VisualStudioVersion = 15.0.28307.329
MinimumVisualStudioVersion = 10.0.40219.1
Project("{FAE04EC0-301F-11D3-BF4B-00C04F79EFBC}") = "ColorPicker.Android", "ColorPicker\ColorPicker.Android\ColorPicker.Android.csproj", "{89337421-6FB7-4B60-9846-5828E09124BF}"
EndProject
Project("{FAE04EC0-301F-11D3-BF4B-00C04F79EFBC}") = "ColorPicker", "ColorPicker\ColorPicker\ColorPicker.csproj", "{FB60670F-4566-4D73-B053-D718F4EF6188}"
EndProject
Global
	GlobalSection(SolutionConfigurationPlatforms) = preSolution
		Debug|Any CPU = Debug|Any CPU
		Release|Any CPU = Release|Any CPU
	EndGlobalSection
	GlobalSection(ProjectConfigurationPlatforms) = postSolution
		{89337421-6FB7-4B60-9846-5828E09124BF}.Debug|Any CPU.ActiveCfg = Debug|Any CPU
		{89337421-6FB7-4B60-9846-5828E09124BF}.Debug|Any CPU.Build.0 = Debug|Any CPU
		{89337421-6FB7-4B60-9846-5828E09124BF}.Debug|Any CPU.Deploy.0 = Debug|Any CPU
		{89337421-6FB7-4B60-9846-5828E09124BF}.Release|Any CPU.ActiveCfg = Release|Any CPU
		{89337421-6FB7-4B60-9846-5828E09124BF}.Release|Any CPU.Build.0 = Release|Any CPU
		{89337421-6FB7-4B60-9846-5828E09124BF}.Release|Any CPU.Deploy.0 = Release|Any CPU
		{FB60670F-4566-4D73-B053-D718F4EF6188}.Debug|Any CPU.ActiveCfg = Debug|Any CPU
		{FB60670F-4566-4D73-B053-D718F4EF6188}.Debug|Any CPU.Build.0 = Debug|Any CPU
		{FB60670F-4566-4D73-B053-D718F4EF6188}.Debug|Any CPU.Deploy.0 = Debug|Any CPU
		{FB60670F-4566-4D73-B053-D718F4EF6188}.Release|Any CPU.ActiveCfg = Release|Any CPU
		{FB60670F-4566-4D73-B053-D718F4EF6188}.Release|Any CPU.Build.0 = Release|Any CPU
		{FB60670F-4566-4D73-B053-D718F4EF6188}.Release|Any CPU.Deploy.0 = Release|Any CPU
	EndGlobalSection
	GlobalSection(SolutionProperties) = preSolution
		HideSolutionNode = FALSE
	EndGlobalSection
	GlobalSection(ExtensibilityGlobals) = postSolution
		SolutionGuid = {A30B99EF-5242-4C6E-AB87-D6A59993B17B}
	EndGlobalSection
EndGlobal
